
Microsoft Visual Studio Solution File, Format Version 12.00
# Visual Studio 14
VisualStudioVersion = 14.0.25123.0
MinimumVisualStudioVersion = 10.0.40219.1
Project("{FAE04EC0-301F-11D3-BF4B-00C04F79EFBC}") = "MzML", "..\CSMSL\CSMSL\IO\MzML\MzML.csproj", "{012434FB-88A9-4DEC-B887-5F64C0B481D4}"
EndProject
Project("{FAE04EC0-301F-11D3-BF4B-00C04F79EFBC}") = "Thermo", "..\CSMSL\CSMSL\IO\Thermo\Thermo.csproj", "{24DC85FF-E97B-4140-9614-77DD8FDDD32F}"
EndProject
Project("{FAE04EC0-301F-11D3-BF4B-00C04F79EFBC}") = "SoftwareLockMassCommandLine", "SoftwareLockMassCommandLine\SoftwareLockMassCommandLine.csproj", "{8887AC74-29D3-4AB6-81C7-1097F1AFA1B8}"
EndProject
Project("{FAE04EC0-301F-11D3-BF4B-00C04F79EFBC}") = "SoftwareLockMass", "SoftwareLockMass\SoftwareLockMass.csproj", "{475C3B7B-4367-4BC8-8192-2A850C72812B}"
	ProjectSection(ProjectDependencies) = postProject
		{012434FB-88A9-4DEC-B887-5F64C0B481D4} = {012434FB-88A9-4DEC-B887-5F64C0B481D4}
		{24DC85FF-E97B-4140-9614-77DD8FDDD32F} = {24DC85FF-E97B-4140-9614-77DD8FDDD32F}
	EndProjectSection
EndProject
Project("{FAE04EC0-301F-11D3-BF4B-00C04F79EFBC}") = "SoftwareLockMassGUI", "SoftwareLockMassGUI\SoftwareLockMassGUI.csproj", "{25148E66-F736-48D8-AC1F-B2180F3D7BE3}"
EndProject
Project("{FAE04EC0-301F-11D3-BF4B-00C04F79EFBC}") = "Test", "Test\Test.csproj", "{289ECDEC-8496-4B04-B483-F86C972B09BC}"
EndProject
Global
	GlobalSection(SolutionConfigurationPlatforms) = preSolution
		Automated_Build|Any CPU = Automated_Build|Any CPU
		Automated_Build|x64 = Automated_Build|x64
		Automated_Build|x86 = Automated_Build|x86
		Debug|Any CPU = Debug|Any CPU
		Debug|x64 = Debug|x64
		Debug|x86 = Debug|x86
		Release|Any CPU = Release|Any CPU
		Release|x64 = Release|x64
		Release|x86 = Release|x86
		Travis|Any CPU = Travis|Any CPU
		Travis|x64 = Travis|x64
		Travis|x86 = Travis|x86
	EndGlobalSection
	GlobalSection(ProjectConfigurationPlatforms) = postSolution
		{012434FB-88A9-4DEC-B887-5F64C0B481D4}.Automated_Build|Any CPU.ActiveCfg = Travis|Any CPU
		{012434FB-88A9-4DEC-B887-5F64C0B481D4}.Automated_Build|Any CPU.Build.0 = Travis|Any CPU
		{012434FB-88A9-4DEC-B887-5F64C0B481D4}.Automated_Build|x64.ActiveCfg = Travis|x64
		{012434FB-88A9-4DEC-B887-5F64C0B481D4}.Automated_Build|x64.Build.0 = Travis|x64
		{012434FB-88A9-4DEC-B887-5F64C0B481D4}.Automated_Build|x86.ActiveCfg = Travis|x86
		{012434FB-88A9-4DEC-B887-5F64C0B481D4}.Automated_Build|x86.Build.0 = Travis|x86
		{012434FB-88A9-4DEC-B887-5F64C0B481D4}.Debug|Any CPU.ActiveCfg = Debug|Any CPU
		{012434FB-88A9-4DEC-B887-5F64C0B481D4}.Debug|Any CPU.Build.0 = Debug|Any CPU
		{012434FB-88A9-4DEC-B887-5F64C0B481D4}.Debug|x64.ActiveCfg = Debug|x64
		{012434FB-88A9-4DEC-B887-5F64C0B481D4}.Debug|x64.Build.0 = Debug|x64
		{012434FB-88A9-4DEC-B887-5F64C0B481D4}.Debug|x86.ActiveCfg = Debug|x86
		{012434FB-88A9-4DEC-B887-5F64C0B481D4}.Debug|x86.Build.0 = Debug|x86
		{012434FB-88A9-4DEC-B887-5F64C0B481D4}.Release|Any CPU.ActiveCfg = Release|Any CPU
		{012434FB-88A9-4DEC-B887-5F64C0B481D4}.Release|Any CPU.Build.0 = Release|Any CPU
		{012434FB-88A9-4DEC-B887-5F64C0B481D4}.Release|x64.ActiveCfg = Release|x64
		{012434FB-88A9-4DEC-B887-5F64C0B481D4}.Release|x64.Build.0 = Release|x64
		{012434FB-88A9-4DEC-B887-5F64C0B481D4}.Release|x86.ActiveCfg = Release|x86
		{012434FB-88A9-4DEC-B887-5F64C0B481D4}.Release|x86.Build.0 = Release|x86
		{012434FB-88A9-4DEC-B887-5F64C0B481D4}.Travis|Any CPU.ActiveCfg = Travis|Any CPU
		{012434FB-88A9-4DEC-B887-5F64C0B481D4}.Travis|Any CPU.Build.0 = Travis|Any CPU
		{012434FB-88A9-4DEC-B887-5F64C0B481D4}.Travis|x64.ActiveCfg = Travis|x64
		{012434FB-88A9-4DEC-B887-5F64C0B481D4}.Travis|x64.Build.0 = Travis|x64
		{012434FB-88A9-4DEC-B887-5F64C0B481D4}.Travis|x86.ActiveCfg = Travis|x86
		{012434FB-88A9-4DEC-B887-5F64C0B481D4}.Travis|x86.Build.0 = Travis|x86
		{24DC85FF-E97B-4140-9614-77DD8FDDD32F}.Automated_Build|Any CPU.ActiveCfg = Automated_Build|Any CPU
		{24DC85FF-E97B-4140-9614-77DD8FDDD32F}.Automated_Build|Any CPU.Build.0 = Automated_Build|Any CPU
		{24DC85FF-E97B-4140-9614-77DD8FDDD32F}.Automated_Build|x64.ActiveCfg = Automated_Build|x64
		{24DC85FF-E97B-4140-9614-77DD8FDDD32F}.Automated_Build|x64.Build.0 = Automated_Build|x64
		{24DC85FF-E97B-4140-9614-77DD8FDDD32F}.Automated_Build|x86.ActiveCfg = Automated_Build|x86
		{24DC85FF-E97B-4140-9614-77DD8FDDD32F}.Automated_Build|x86.Build.0 = Automated_Build|x86
		{24DC85FF-E97B-4140-9614-77DD8FDDD32F}.Debug|Any CPU.ActiveCfg = Debug|Any CPU
		{24DC85FF-E97B-4140-9614-77DD8FDDD32F}.Debug|Any CPU.Build.0 = Debug|Any CPU
		{24DC85FF-E97B-4140-9614-77DD8FDDD32F}.Debug|x64.ActiveCfg = Debug|x64
		{24DC85FF-E97B-4140-9614-77DD8FDDD32F}.Debug|x64.Build.0 = Debug|x64
		{24DC85FF-E97B-4140-9614-77DD8FDDD32F}.Debug|x86.ActiveCfg = Debug|x86
		{24DC85FF-E97B-4140-9614-77DD8FDDD32F}.Debug|x86.Build.0 = Debug|x86
		{24DC85FF-E97B-4140-9614-77DD8FDDD32F}.Release|Any CPU.ActiveCfg = Release|Any CPU
		{24DC85FF-E97B-4140-9614-77DD8FDDD32F}.Release|Any CPU.Build.0 = Release|Any CPU
		{24DC85FF-E97B-4140-9614-77DD8FDDD32F}.Release|x64.ActiveCfg = Release|x64
		{24DC85FF-E97B-4140-9614-77DD8FDDD32F}.Release|x64.Build.0 = Release|x64
		{24DC85FF-E97B-4140-9614-77DD8FDDD32F}.Release|x86.ActiveCfg = Release|x86
		{24DC85FF-E97B-4140-9614-77DD8FDDD32F}.Release|x86.Build.0 = Release|x86
		{24DC85FF-E97B-4140-9614-77DD8FDDD32F}.Travis|Any CPU.ActiveCfg = Travis|Any CPU
		{24DC85FF-E97B-4140-9614-77DD8FDDD32F}.Travis|Any CPU.Build.0 = Travis|Any CPU
		{24DC85FF-E97B-4140-9614-77DD8FDDD32F}.Travis|x64.ActiveCfg = Travis|x64
		{24DC85FF-E97B-4140-9614-77DD8FDDD32F}.Travis|x64.Build.0 = Travis|x64
		{24DC85FF-E97B-4140-9614-77DD8FDDD32F}.Travis|x86.ActiveCfg = Travis|x86
		{24DC85FF-E97B-4140-9614-77DD8FDDD32F}.Travis|x86.Build.0 = Travis|x86
		{8887AC74-29D3-4AB6-81C7-1097F1AFA1B8}.Automated_Build|Any CPU.ActiveCfg = Release|Any CPU
		{8887AC74-29D3-4AB6-81C7-1097F1AFA1B8}.Automated_Build|Any CPU.Build.0 = Release|Any CPU
		{8887AC74-29D3-4AB6-81C7-1097F1AFA1B8}.Automated_Build|x64.ActiveCfg = Release|Any CPU
		{8887AC74-29D3-4AB6-81C7-1097F1AFA1B8}.Automated_Build|x64.Build.0 = Release|Any CPU
		{8887AC74-29D3-4AB6-81C7-1097F1AFA1B8}.Automated_Build|x86.ActiveCfg = Release|Any CPU
		{8887AC74-29D3-4AB6-81C7-1097F1AFA1B8}.Automated_Build|x86.Build.0 = Release|Any CPU
		{8887AC74-29D3-4AB6-81C7-1097F1AFA1B8}.Debug|Any CPU.ActiveCfg = Debug|Any CPU
		{8887AC74-29D3-4AB6-81C7-1097F1AFA1B8}.Debug|Any CPU.Build.0 = Debug|Any CPU
		{8887AC74-29D3-4AB6-81C7-1097F1AFA1B8}.Debug|x64.ActiveCfg = Debug|Any CPU
		{8887AC74-29D3-4AB6-81C7-1097F1AFA1B8}.Debug|x64.Build.0 = Debug|Any CPU
		{8887AC74-29D3-4AB6-81C7-1097F1AFA1B8}.Debug|x86.ActiveCfg = Debug|Any CPU
		{8887AC74-29D3-4AB6-81C7-1097F1AFA1B8}.Debug|x86.Build.0 = Debug|Any CPU
		{8887AC74-29D3-4AB6-81C7-1097F1AFA1B8}.Release|Any CPU.ActiveCfg = Release|Any CPU
		{8887AC74-29D3-4AB6-81C7-1097F1AFA1B8}.Release|Any CPU.Build.0 = Release|Any CPU
		{8887AC74-29D3-4AB6-81C7-1097F1AFA1B8}.Release|x64.ActiveCfg = Release|Any CPU
		{8887AC74-29D3-4AB6-81C7-1097F1AFA1B8}.Release|x64.Build.0 = Release|Any CPU
		{8887AC74-29D3-4AB6-81C7-1097F1AFA1B8}.Release|x86.ActiveCfg = Release|Any CPU
		{8887AC74-29D3-4AB6-81C7-1097F1AFA1B8}.Release|x86.Build.0 = Release|Any CPU
		{8887AC74-29D3-4AB6-81C7-1097F1AFA1B8}.Travis|Any CPU.ActiveCfg = Release|Any CPU
		{8887AC74-29D3-4AB6-81C7-1097F1AFA1B8}.Travis|Any CPU.Build.0 = Release|Any CPU
		{8887AC74-29D3-4AB6-81C7-1097F1AFA1B8}.Travis|x64.ActiveCfg = Release|Any CPU
		{8887AC74-29D3-4AB6-81C7-1097F1AFA1B8}.Travis|x64.Build.0 = Release|Any CPU
		{8887AC74-29D3-4AB6-81C7-1097F1AFA1B8}.Travis|x86.ActiveCfg = Release|Any CPU
		{8887AC74-29D3-4AB6-81C7-1097F1AFA1B8}.Travis|x86.Build.0 = Release|Any CPU
		{475C3B7B-4367-4BC8-8192-2A850C72812B}.Automated_Build|Any CPU.ActiveCfg = Release|Any CPU
		{475C3B7B-4367-4BC8-8192-2A850C72812B}.Automated_Build|Any CPU.Build.0 = Release|Any CPU
		{475C3B7B-4367-4BC8-8192-2A850C72812B}.Automated_Build|x64.ActiveCfg = Release|Any CPU
		{475C3B7B-4367-4BC8-8192-2A850C72812B}.Automated_Build|x64.Build.0 = Release|Any CPU
		{475C3B7B-4367-4BC8-8192-2A850C72812B}.Automated_Build|x86.ActiveCfg = Release|Any CPU
		{475C3B7B-4367-4BC8-8192-2A850C72812B}.Automated_Build|x86.Build.0 = Release|Any CPU
		{475C3B7B-4367-4BC8-8192-2A850C72812B}.Debug|Any CPU.ActiveCfg = Debug|Any CPU
		{475C3B7B-4367-4BC8-8192-2A850C72812B}.Debug|Any CPU.Build.0 = Debug|Any CPU
		{475C3B7B-4367-4BC8-8192-2A850C72812B}.Debug|x64.ActiveCfg = Debug|Any CPU
		{475C3B7B-4367-4BC8-8192-2A850C72812B}.Debug|x64.Build.0 = Debug|Any CPU
		{475C3B7B-4367-4BC8-8192-2A850C72812B}.Debug|x86.ActiveCfg = Debug|Any CPU
		{475C3B7B-4367-4BC8-8192-2A850C72812B}.Debug|x86.Build.0 = Debug|Any CPU
		{475C3B7B-4367-4BC8-8192-2A850C72812B}.Release|Any CPU.ActiveCfg = Release|Any CPU
		{475C3B7B-4367-4BC8-8192-2A850C72812B}.Release|Any CPU.Build.0 = Release|Any CPU
		{475C3B7B-4367-4BC8-8192-2A850C72812B}.Release|x64.ActiveCfg = Release|Any CPU
		{475C3B7B-4367-4BC8-8192-2A850C72812B}.Release|x64.Build.0 = Release|Any CPU
		{475C3B7B-4367-4BC8-8192-2A850C72812B}.Release|x86.ActiveCfg = Release|Any CPU
		{475C3B7B-4367-4BC8-8192-2A850C72812B}.Release|x86.Build.0 = Release|Any CPU
		{475C3B7B-4367-4BC8-8192-2A850C72812B}.Travis|Any CPU.ActiveCfg = Release|Any CPU
		{475C3B7B-4367-4BC8-8192-2A850C72812B}.Travis|Any CPU.Build.0 = Release|Any CPU
		{475C3B7B-4367-4BC8-8192-2A850C72812B}.Travis|x64.ActiveCfg = Release|Any CPU
		{475C3B7B-4367-4BC8-8192-2A850C72812B}.Travis|x64.Build.0 = Release|Any CPU
		{475C3B7B-4367-4BC8-8192-2A850C72812B}.Travis|x86.ActiveCfg = Release|Any CPU
		{475C3B7B-4367-4BC8-8192-2A850C72812B}.Travis|x86.Build.0 = Release|Any CPU
		{25148E66-F736-48D8-AC1F-B2180F3D7BE3}.Automated_Build|Any CPU.ActiveCfg = Release|Any CPU
		{25148E66-F736-48D8-AC1F-B2180F3D7BE3}.Automated_Build|Any CPU.Build.0 = Release|Any CPU
		{25148E66-F736-48D8-AC1F-B2180F3D7BE3}.Automated_Build|x64.ActiveCfg = Release|Any CPU
		{25148E66-F736-48D8-AC1F-B2180F3D7BE3}.Automated_Build|x64.Build.0 = Release|Any CPU
		{25148E66-F736-48D8-AC1F-B2180F3D7BE3}.Automated_Build|x86.ActiveCfg = Release|Any CPU
		{25148E66-F736-48D8-AC1F-B2180F3D7BE3}.Automated_Build|x86.Build.0 = Release|Any CPU
		{25148E66-F736-48D8-AC1F-B2180F3D7BE3}.Debug|Any CPU.ActiveCfg = Debug|Any CPU
		{25148E66-F736-48D8-AC1F-B2180F3D7BE3}.Debug|Any CPU.Build.0 = Debug|Any CPU
		{25148E66-F736-48D8-AC1F-B2180F3D7BE3}.Debug|x64.ActiveCfg = Debug|Any CPU
		{25148E66-F736-48D8-AC1F-B2180F3D7BE3}.Debug|x64.Build.0 = Debug|Any CPU
		{25148E66-F736-48D8-AC1F-B2180F3D7BE3}.Debug|x86.ActiveCfg = Debug|Any CPU
		{25148E66-F736-48D8-AC1F-B2180F3D7BE3}.Debug|x86.Build.0 = Debug|Any CPU
		{25148E66-F736-48D8-AC1F-B2180F3D7BE3}.Release|Any CPU.ActiveCfg = Release|Any CPU
		{25148E66-F736-48D8-AC1F-B2180F3D7BE3}.Release|Any CPU.Build.0 = Release|Any CPU
		{25148E66-F736-48D8-AC1F-B2180F3D7BE3}.Release|x64.ActiveCfg = Release|Any CPU
		{25148E66-F736-48D8-AC1F-B2180F3D7BE3}.Release|x64.Build.0 = Release|Any CPU
		{25148E66-F736-48D8-AC1F-B2180F3D7BE3}.Release|x86.ActiveCfg = Release|Any CPU
		{25148E66-F736-48D8-AC1F-B2180F3D7BE3}.Release|x86.Build.0 = Release|Any CPU
		{25148E66-F736-48D8-AC1F-B2180F3D7BE3}.Travis|Any CPU.ActiveCfg = Release|Any CPU
		{25148E66-F736-48D8-AC1F-B2180F3D7BE3}.Travis|Any CPU.Build.0 = Release|Any CPU
		{25148E66-F736-48D8-AC1F-B2180F3D7BE3}.Travis|x64.ActiveCfg = Release|Any CPU
		{25148E66-F736-48D8-AC1F-B2180F3D7BE3}.Travis|x64.Build.0 = Release|Any CPU
		{25148E66-F736-48D8-AC1F-B2180F3D7BE3}.Travis|x86.ActiveCfg = Release|Any CPU
		{25148E66-F736-48D8-AC1F-B2180F3D7BE3}.Travis|x86.Build.0 = Release|Any CPU
		{289ECDEC-8496-4B04-B483-F86C972B09BC}.Automated_Build|Any CPU.ActiveCfg = Release|Any CPU
		{289ECDEC-8496-4B04-B483-F86C972B09BC}.Automated_Build|Any CPU.Build.0 = Release|Any CPU
		{289ECDEC-8496-4B04-B483-F86C972B09BC}.Automated_Build|x64.ActiveCfg = Release|Any CPU
		{289ECDEC-8496-4B04-B483-F86C972B09BC}.Automated_Build|x64.Build.0 = Release|Any CPU
		{289ECDEC-8496-4B04-B483-F86C972B09BC}.Automated_Build|x86.ActiveCfg = Release|Any CPU
		{289ECDEC-8496-4B04-B483-F86C972B09BC}.Automated_Build|x86.Build.0 = Release|Any CPU
		{289ECDEC-8496-4B04-B483-F86C972B09BC}.Debug|Any CPU.ActiveCfg = Debug|Any CPU
		{289ECDEC-8496-4B04-B483-F86C972B09BC}.Debug|Any CPU.Build.0 = Debug|Any CPU
		{289ECDEC-8496-4B04-B483-F86C972B09BC}.Debug|x64.ActiveCfg = Debug|Any CPU
		{289ECDEC-8496-4B04-B483-F86C972B09BC}.Debug|x64.Build.0 = Debug|Any CPU
		{289ECDEC-8496-4B04-B483-F86C972B09BC}.Debug|x86.ActiveCfg = Debug|Any CPU
		{289ECDEC-8496-4B04-B483-F86C972B09BC}.Debug|x86.Build.0 = Debug|Any CPU
		{289ECDEC-8496-4B04-B483-F86C972B09BC}.Release|Any CPU.ActiveCfg = Release|Any CPU
		{289ECDEC-8496-4B04-B483-F86C972B09BC}.Release|Any CPU.Build.0 = Release|Any CPU
		{289ECDEC-8496-4B04-B483-F86C972B09BC}.Release|x64.ActiveCfg = Release|Any CPU
		{289ECDEC-8496-4B04-B483-F86C972B09BC}.Release|x64.Build.0 = Release|Any CPU
		{289ECDEC-8496-4B04-B483-F86C972B09BC}.Release|x86.ActiveCfg = Release|Any CPU
		{289ECDEC-8496-4B04-B483-F86C972B09BC}.Release|x86.Build.0 = Release|Any CPU
		{289ECDEC-8496-4B04-B483-F86C972B09BC}.Travis|Any CPU.ActiveCfg = Release|Any CPU
		{289ECDEC-8496-4B04-B483-F86C972B09BC}.Travis|Any CPU.Build.0 = Release|Any CPU
		{289ECDEC-8496-4B04-B483-F86C972B09BC}.Travis|x64.ActiveCfg = Release|Any CPU
		{289ECDEC-8496-4B04-B483-F86C972B09BC}.Travis|x64.Build.0 = Release|Any CPU
		{289ECDEC-8496-4B04-B483-F86C972B09BC}.Travis|x86.ActiveCfg = Release|Any CPU
		{289ECDEC-8496-4B04-B483-F86C972B09BC}.Travis|x86.Build.0 = Release|Any CPU
	EndGlobalSection
	GlobalSection(SolutionProperties) = preSolution
		HideSolutionNode = FALSE
	EndGlobalSection
EndGlobal
