
Microsoft Visual Studio Solution File, Format Version 12.00
# Visual Studio 14
VisualStudioVersion = 14.0.25123.0
MinimumVisualStudioVersion = 10.0.40219.1
Project("{FAE04EC0-301F-11D3-BF4B-00C04F79EFBC}") = "SoftwareLockMassCommandLine", "SoftwareLockMassCommandLine\SoftwareLockMassCommandLine.csproj", "{8887AC74-29D3-4AB6-81C7-1097F1AFA1B8}"
EndProject
Project("{FAE04EC0-301F-11D3-BF4B-00C04F79EFBC}") = "SoftwareLockMass", "SoftwareLockMass\SoftwareLockMass.csproj", "{475C3B7B-4367-4BC8-8192-2A850C72812B}"
EndProject
Project("{FAE04EC0-301F-11D3-BF4B-00C04F79EFBC}") = "SoftwareLockMassGUI", "SoftwareLockMassGUI\SoftwareLockMassGUI.csproj", "{25148E66-F736-48D8-AC1F-B2180F3D7BE3}"
EndProject
Project("{FAE04EC0-301F-11D3-BF4B-00C04F79EFBC}") = "Test", "Test\Test.csproj", "{289ECDEC-8496-4B04-B483-F86C972B09BC}"
EndProject
Project("{FAE04EC0-301F-11D3-BF4B-00C04F79EFBC}") = "TestThermo", "TestThermo\TestThermo.csproj", "{A8EF4A00-C329-4C33-B20C-F133AA9DE517}"
EndProject
Project("{FAE04EC0-301F-11D3-BF4B-00C04F79EFBC}") = "MassSpecFilesBootstrap", "MassSpecFilesBootstrap\MassSpecFilesBootstrap.csproj", "{912B3FF1-4DF6-4EA7-971D-F6F6A751D369}"
EndProject
Global
	GlobalSection(SolutionConfigurationPlatforms) = preSolution
		Debug|Any CPU = Debug|Any CPU
		Debug|x64 = Debug|x64
		Debug|x86 = Debug|x86
		Release|Any CPU = Release|Any CPU
		Release|x64 = Release|x64
		Release|x86 = Release|x86
	EndGlobalSection
	GlobalSection(ProjectConfigurationPlatforms) = postSolution
		{8887AC74-29D3-4AB6-81C7-1097F1AFA1B8}.Debug|Any CPU.ActiveCfg = Debug|Any CPU
		{8887AC74-29D3-4AB6-81C7-1097F1AFA1B8}.Debug|Any CPU.Build.0 = Debug|Any CPU
		{8887AC74-29D3-4AB6-81C7-1097F1AFA1B8}.Debug|x64.ActiveCfg = Debug|Any CPU
		{8887AC74-29D3-4AB6-81C7-1097F1AFA1B8}.Debug|x64.Build.0 = Debug|Any CPU
		{8887AC74-29D3-4AB6-81C7-1097F1AFA1B8}.Debug|x86.ActiveCfg = Debug|Any CPU
		{8887AC74-29D3-4AB6-81C7-1097F1AFA1B8}.Debug|x86.Build.0 = Debug|Any CPU
		{8887AC74-29D3-4AB6-81C7-1097F1AFA1B8}.Release|Any CPU.ActiveCfg = Release|Any CPU
		{8887AC74-29D3-4AB6-81C7-1097F1AFA1B8}.Release|Any CPU.Build.0 = Release|Any CPU
		{8887AC74-29D3-4AB6-81C7-1097F1AFA1B8}.Release|x64.ActiveCfg = Release|Any CPU
		{8887AC74-29D3-4AB6-81C7-1097F1AFA1B8}.Release|x64.Build.0 = Release|Any CPU
		{8887AC74-29D3-4AB6-81C7-1097F1AFA1B8}.Release|x86.ActiveCfg = Release|Any CPU
		{8887AC74-29D3-4AB6-81C7-1097F1AFA1B8}.Release|x86.Build.0 = Release|Any CPU
		{475C3B7B-4367-4BC8-8192-2A850C72812B}.Debug|Any CPU.ActiveCfg = Debug|Any CPU
		{475C3B7B-4367-4BC8-8192-2A850C72812B}.Debug|Any CPU.Build.0 = Debug|Any CPU
		{475C3B7B-4367-4BC8-8192-2A850C72812B}.Debug|x64.ActiveCfg = Debug|Any CPU
		{475C3B7B-4367-4BC8-8192-2A850C72812B}.Debug|x64.Build.0 = Debug|Any CPU
		{475C3B7B-4367-4BC8-8192-2A850C72812B}.Debug|x86.ActiveCfg = Debug|Any CPU
		{475C3B7B-4367-4BC8-8192-2A850C72812B}.Debug|x86.Build.0 = Debug|Any CPU
		{475C3B7B-4367-4BC8-8192-2A850C72812B}.Release|Any CPU.ActiveCfg = Release|Any CPU
		{475C3B7B-4367-4BC8-8192-2A850C72812B}.Release|Any CPU.Build.0 = Release|Any CPU
		{475C3B7B-4367-4BC8-8192-2A850C72812B}.Release|x64.ActiveCfg = Release|Any CPU
		{475C3B7B-4367-4BC8-8192-2A850C72812B}.Release|x64.Build.0 = Release|Any CPU
		{475C3B7B-4367-4BC8-8192-2A850C72812B}.Release|x86.ActiveCfg = Release|Any CPU
		{475C3B7B-4367-4BC8-8192-2A850C72812B}.Release|x86.Build.0 = Release|Any CPU
		{25148E66-F736-48D8-AC1F-B2180F3D7BE3}.Debug|Any CPU.ActiveCfg = Debug|Any CPU
		{25148E66-F736-48D8-AC1F-B2180F3D7BE3}.Debug|Any CPU.Build.0 = Debug|Any CPU
		{25148E66-F736-48D8-AC1F-B2180F3D7BE3}.Debug|x64.ActiveCfg = Debug|Any CPU
		{25148E66-F736-48D8-AC1F-B2180F3D7BE3}.Debug|x64.Build.0 = Debug|Any CPU
		{25148E66-F736-48D8-AC1F-B2180F3D7BE3}.Debug|x86.ActiveCfg = Debug|Any CPU
		{25148E66-F736-48D8-AC1F-B2180F3D7BE3}.Debug|x86.Build.0 = Debug|Any CPU
		{25148E66-F736-48D8-AC1F-B2180F3D7BE3}.Release|Any CPU.ActiveCfg = Release|Any CPU
		{25148E66-F736-48D8-AC1F-B2180F3D7BE3}.Release|Any CPU.Build.0 = Release|Any CPU
		{25148E66-F736-48D8-AC1F-B2180F3D7BE3}.Release|x64.ActiveCfg = Release|Any CPU
		{25148E66-F736-48D8-AC1F-B2180F3D7BE3}.Release|x64.Build.0 = Release|Any CPU
		{25148E66-F736-48D8-AC1F-B2180F3D7BE3}.Release|x86.ActiveCfg = Release|Any CPU
		{25148E66-F736-48D8-AC1F-B2180F3D7BE3}.Release|x86.Build.0 = Release|Any CPU
		{289ECDEC-8496-4B04-B483-F86C972B09BC}.Debug|Any CPU.ActiveCfg = Debug|Any CPU
		{289ECDEC-8496-4B04-B483-F86C972B09BC}.Debug|Any CPU.Build.0 = Debug|Any CPU
		{289ECDEC-8496-4B04-B483-F86C972B09BC}.Debug|x64.ActiveCfg = Debug|Any CPU
		{289ECDEC-8496-4B04-B483-F86C972B09BC}.Debug|x64.Build.0 = Debug|Any CPU
		{289ECDEC-8496-4B04-B483-F86C972B09BC}.Debug|x86.ActiveCfg = Debug|Any CPU
		{289ECDEC-8496-4B04-B483-F86C972B09BC}.Debug|x86.Build.0 = Debug|Any CPU
		{289ECDEC-8496-4B04-B483-F86C972B09BC}.Release|Any CPU.ActiveCfg = Release|Any CPU
		{289ECDEC-8496-4B04-B483-F86C972B09BC}.Release|x64.ActiveCfg = Release|Any CPU
		{289ECDEC-8496-4B04-B483-F86C972B09BC}.Release|x64.Build.0 = Release|Any CPU
		{289ECDEC-8496-4B04-B483-F86C972B09BC}.Release|x86.ActiveCfg = Release|Any CPU
		{289ECDEC-8496-4B04-B483-F86C972B09BC}.Release|x86.Build.0 = Release|Any CPU
		{A8EF4A00-C329-4C33-B20C-F133AA9DE517}.Debug|Any CPU.ActiveCfg = Debug|Any CPU
		{A8EF4A00-C329-4C33-B20C-F133AA9DE517}.Debug|Any CPU.Build.0 = Debug|Any CPU
		{A8EF4A00-C329-4C33-B20C-F133AA9DE517}.Debug|x64.ActiveCfg = Debug|Any CPU
		{A8EF4A00-C329-4C33-B20C-F133AA9DE517}.Debug|x64.Build.0 = Debug|Any CPU
		{A8EF4A00-C329-4C33-B20C-F133AA9DE517}.Debug|x86.ActiveCfg = Debug|Any CPU
		{A8EF4A00-C329-4C33-B20C-F133AA9DE517}.Debug|x86.Build.0 = Debug|Any CPU
		{A8EF4A00-C329-4C33-B20C-F133AA9DE517}.Release|Any CPU.ActiveCfg = Release|Any CPU
		{A8EF4A00-C329-4C33-B20C-F133AA9DE517}.Release|Any CPU.Build.0 = Release|Any CPU
		{A8EF4A00-C329-4C33-B20C-F133AA9DE517}.Release|x64.ActiveCfg = Release|Any CPU
		{A8EF4A00-C329-4C33-B20C-F133AA9DE517}.Release|x64.Build.0 = Release|Any CPU
		{A8EF4A00-C329-4C33-B20C-F133AA9DE517}.Release|x86.ActiveCfg = Release|Any CPU
		{A8EF4A00-C329-4C33-B20C-F133AA9DE517}.Release|x86.Build.0 = Release|Any CPU
		{912B3FF1-4DF6-4EA7-971D-F6F6A751D369}.Debug|Any CPU.ActiveCfg = Debug|Any CPU
		{912B3FF1-4DF6-4EA7-971D-F6F6A751D369}.Debug|Any CPU.Build.0 = Debug|Any CPU
		{912B3FF1-4DF6-4EA7-971D-F6F6A751D369}.Debug|x64.ActiveCfg = Debug|Any CPU
		{912B3FF1-4DF6-4EA7-971D-F6F6A751D369}.Debug|x64.Build.0 = Debug|Any CPU
		{912B3FF1-4DF6-4EA7-971D-F6F6A751D369}.Debug|x86.ActiveCfg = Debug|Any CPU
		{912B3FF1-4DF6-4EA7-971D-F6F6A751D369}.Debug|x86.Build.0 = Debug|Any CPU
		{912B3FF1-4DF6-4EA7-971D-F6F6A751D369}.Release|Any CPU.ActiveCfg = Release|Any CPU
		{912B3FF1-4DF6-4EA7-971D-F6F6A751D369}.Release|Any CPU.Build.0 = Release|Any CPU
		{912B3FF1-4DF6-4EA7-971D-F6F6A751D369}.Release|x64.ActiveCfg = Release|Any CPU
		{912B3FF1-4DF6-4EA7-971D-F6F6A751D369}.Release|x64.Build.0 = Release|Any CPU
		{912B3FF1-4DF6-4EA7-971D-F6F6A751D369}.Release|x86.ActiveCfg = Release|Any CPU
		{912B3FF1-4DF6-4EA7-971D-F6F6A751D369}.Release|x86.Build.0 = Release|Any CPU
	EndGlobalSection
	GlobalSection(SolutionProperties) = preSolution
		HideSolutionNode = FALSE
	EndGlobalSection
EndGlobal
