
Microsoft Visual Studio Solution File, Format Version 12.00
# Visual Studio 14
VisualStudioVersion = 14.0.25123.0
MinimumVisualStudioVersion = 10.0.40219.1
Project("{FAE04EC0-301F-11D3-BF4B-00C04F79EFBC}") = "SoftwareLockMassCommandLine", "SoftwareLockMassCommandLine\SoftwareLockMassCommandLine.csproj", "{8887AC74-29D3-4AB6-81C7-1097F1AFA1B8}"
EndProject
Project("{FAE04EC0-301F-11D3-BF4B-00C04F79EFBC}") = "SoftwareLockMass", "SoftwareLockMass\SoftwareLockMass.csproj", "{475C3B7B-4367-4BC8-8192-2A850C72812B}"
EndProject
Project("{FAE04EC0-301F-11D3-BF4B-00C04F79EFBC}") = "SoftwareLockMassGUI", "SoftwareLockMassGUI\SoftwareLockMassGUI.csproj", "{25148E66-F736-48D8-AC1F-B2180F3D7BE3}"
EndProject
Project("{FAE04EC0-301F-11D3-BF4B-00C04F79EFBC}") = "Test", "Test\Test.csproj", "{289ECDEC-8496-4B04-B483-F86C972B09BC}"
EndProject
Project("{FAE04EC0-301F-11D3-BF4B-00C04F79EFBC}") = "TestThermo", "TestThermo\TestThermo.csproj", "{A8EF4A00-C329-4C33-B20C-F133AA9DE517}"
EndProject
Project("{FAE04EC0-301F-11D3-BF4B-00C04F79EFBC}") = "SoftwareLockMassIO", "SoftwareLockMassIO\SoftwareLockMassIO.csproj", "{06AD5939-8437-4F2A-BF3C-2B181D6F0308}"
EndProject
Global
	GlobalSection(SolutionConfigurationPlatforms) = preSolution
		Automated_Build|Any CPU = Automated_Build|Any CPU
		Automated_Build|x64 = Automated_Build|x64
		Automated_Build|x86 = Automated_Build|x86
		Debug|Any CPU = Debug|Any CPU
		Debug|x64 = Debug|x64
		Debug|x86 = Debug|x86
		NoThermo|Any CPU = NoThermo|Any CPU
		NoThermo|x64 = NoThermo|x64
		NoThermo|x86 = NoThermo|x86
		Release|Any CPU = Release|Any CPU
		Release|x64 = Release|x64
		Release|x86 = Release|x86
		Travis|Any CPU = Travis|Any CPU
		Travis|x64 = Travis|x64
		Travis|x86 = Travis|x86
	EndGlobalSection
	GlobalSection(ProjectConfigurationPlatforms) = postSolution
		{8887AC74-29D3-4AB6-81C7-1097F1AFA1B8}.Automated_Build|Any CPU.ActiveCfg = Release|Any CPU
		{8887AC74-29D3-4AB6-81C7-1097F1AFA1B8}.Automated_Build|Any CPU.Build.0 = Release|Any CPU
		{8887AC74-29D3-4AB6-81C7-1097F1AFA1B8}.Automated_Build|x64.ActiveCfg = Release|Any CPU
		{8887AC74-29D3-4AB6-81C7-1097F1AFA1B8}.Automated_Build|x64.Build.0 = Release|Any CPU
		{8887AC74-29D3-4AB6-81C7-1097F1AFA1B8}.Automated_Build|x86.ActiveCfg = Release|Any CPU
		{8887AC74-29D3-4AB6-81C7-1097F1AFA1B8}.Automated_Build|x86.Build.0 = Release|Any CPU
		{8887AC74-29D3-4AB6-81C7-1097F1AFA1B8}.Debug|Any CPU.ActiveCfg = Debug|Any CPU
		{8887AC74-29D3-4AB6-81C7-1097F1AFA1B8}.Debug|Any CPU.Build.0 = Debug|Any CPU
		{8887AC74-29D3-4AB6-81C7-1097F1AFA1B8}.Debug|x64.ActiveCfg = Debug|Any CPU
		{8887AC74-29D3-4AB6-81C7-1097F1AFA1B8}.Debug|x64.Build.0 = Debug|Any CPU
		{8887AC74-29D3-4AB6-81C7-1097F1AFA1B8}.Debug|x86.ActiveCfg = Debug|Any CPU
		{8887AC74-29D3-4AB6-81C7-1097F1AFA1B8}.Debug|x86.Build.0 = Debug|Any CPU
		{8887AC74-29D3-4AB6-81C7-1097F1AFA1B8}.NoThermo|Any CPU.ActiveCfg = Release|Any CPU
		{8887AC74-29D3-4AB6-81C7-1097F1AFA1B8}.NoThermo|Any CPU.Build.0 = Release|Any CPU
		{8887AC74-29D3-4AB6-81C7-1097F1AFA1B8}.NoThermo|x64.ActiveCfg = Release|Any CPU
		{8887AC74-29D3-4AB6-81C7-1097F1AFA1B8}.NoThermo|x64.Build.0 = Release|Any CPU
		{8887AC74-29D3-4AB6-81C7-1097F1AFA1B8}.NoThermo|x86.ActiveCfg = Release|Any CPU
		{8887AC74-29D3-4AB6-81C7-1097F1AFA1B8}.NoThermo|x86.Build.0 = Release|Any CPU
		{8887AC74-29D3-4AB6-81C7-1097F1AFA1B8}.Release|Any CPU.ActiveCfg = Release|Any CPU
		{8887AC74-29D3-4AB6-81C7-1097F1AFA1B8}.Release|Any CPU.Build.0 = Release|Any CPU
		{8887AC74-29D3-4AB6-81C7-1097F1AFA1B8}.Release|x64.ActiveCfg = Release|Any CPU
		{8887AC74-29D3-4AB6-81C7-1097F1AFA1B8}.Release|x64.Build.0 = Release|Any CPU
		{8887AC74-29D3-4AB6-81C7-1097F1AFA1B8}.Release|x86.ActiveCfg = Release|Any CPU
		{8887AC74-29D3-4AB6-81C7-1097F1AFA1B8}.Release|x86.Build.0 = Release|Any CPU
		{8887AC74-29D3-4AB6-81C7-1097F1AFA1B8}.Travis|Any CPU.ActiveCfg = Release|Any CPU
		{8887AC74-29D3-4AB6-81C7-1097F1AFA1B8}.Travis|Any CPU.Build.0 = Release|Any CPU
		{8887AC74-29D3-4AB6-81C7-1097F1AFA1B8}.Travis|x64.ActiveCfg = Release|Any CPU
		{8887AC74-29D3-4AB6-81C7-1097F1AFA1B8}.Travis|x64.Build.0 = Release|Any CPU
		{8887AC74-29D3-4AB6-81C7-1097F1AFA1B8}.Travis|x86.ActiveCfg = Release|Any CPU
		{8887AC74-29D3-4AB6-81C7-1097F1AFA1B8}.Travis|x86.Build.0 = Release|Any CPU
		{475C3B7B-4367-4BC8-8192-2A850C72812B}.Automated_Build|Any CPU.ActiveCfg = Release|Any CPU
		{475C3B7B-4367-4BC8-8192-2A850C72812B}.Automated_Build|Any CPU.Build.0 = Release|Any CPU
		{475C3B7B-4367-4BC8-8192-2A850C72812B}.Automated_Build|x64.ActiveCfg = Release|Any CPU
		{475C3B7B-4367-4BC8-8192-2A850C72812B}.Automated_Build|x64.Build.0 = Release|Any CPU
		{475C3B7B-4367-4BC8-8192-2A850C72812B}.Automated_Build|x86.ActiveCfg = Release|Any CPU
		{475C3B7B-4367-4BC8-8192-2A850C72812B}.Automated_Build|x86.Build.0 = Release|Any CPU
		{475C3B7B-4367-4BC8-8192-2A850C72812B}.Debug|Any CPU.ActiveCfg = Debug|Any CPU
		{475C3B7B-4367-4BC8-8192-2A850C72812B}.Debug|Any CPU.Build.0 = Debug|Any CPU
		{475C3B7B-4367-4BC8-8192-2A850C72812B}.Debug|x64.ActiveCfg = Debug|Any CPU
		{475C3B7B-4367-4BC8-8192-2A850C72812B}.Debug|x64.Build.0 = Debug|Any CPU
		{475C3B7B-4367-4BC8-8192-2A850C72812B}.Debug|x86.ActiveCfg = Debug|Any CPU
		{475C3B7B-4367-4BC8-8192-2A850C72812B}.Debug|x86.Build.0 = Debug|Any CPU
		{475C3B7B-4367-4BC8-8192-2A850C72812B}.NoThermo|Any CPU.ActiveCfg = Release|Any CPU
		{475C3B7B-4367-4BC8-8192-2A850C72812B}.NoThermo|Any CPU.Build.0 = Release|Any CPU
		{475C3B7B-4367-4BC8-8192-2A850C72812B}.NoThermo|x64.ActiveCfg = Release|Any CPU
		{475C3B7B-4367-4BC8-8192-2A850C72812B}.NoThermo|x64.Build.0 = Release|Any CPU
		{475C3B7B-4367-4BC8-8192-2A850C72812B}.NoThermo|x86.ActiveCfg = Release|Any CPU
		{475C3B7B-4367-4BC8-8192-2A850C72812B}.NoThermo|x86.Build.0 = Release|Any CPU
		{475C3B7B-4367-4BC8-8192-2A850C72812B}.Release|Any CPU.ActiveCfg = Release|Any CPU
		{475C3B7B-4367-4BC8-8192-2A850C72812B}.Release|Any CPU.Build.0 = Release|Any CPU
		{475C3B7B-4367-4BC8-8192-2A850C72812B}.Release|x64.ActiveCfg = Release|Any CPU
		{475C3B7B-4367-4BC8-8192-2A850C72812B}.Release|x64.Build.0 = Release|Any CPU
		{475C3B7B-4367-4BC8-8192-2A850C72812B}.Release|x86.ActiveCfg = Release|Any CPU
		{475C3B7B-4367-4BC8-8192-2A850C72812B}.Release|x86.Build.0 = Release|Any CPU
		{475C3B7B-4367-4BC8-8192-2A850C72812B}.Travis|Any CPU.ActiveCfg = Release|Any CPU
		{475C3B7B-4367-4BC8-8192-2A850C72812B}.Travis|Any CPU.Build.0 = Release|Any CPU
		{475C3B7B-4367-4BC8-8192-2A850C72812B}.Travis|x64.ActiveCfg = Release|Any CPU
		{475C3B7B-4367-4BC8-8192-2A850C72812B}.Travis|x64.Build.0 = Release|Any CPU
		{475C3B7B-4367-4BC8-8192-2A850C72812B}.Travis|x86.ActiveCfg = Release|Any CPU
		{475C3B7B-4367-4BC8-8192-2A850C72812B}.Travis|x86.Build.0 = Release|Any CPU
		{25148E66-F736-48D8-AC1F-B2180F3D7BE3}.Automated_Build|Any CPU.ActiveCfg = Release|Any CPU
		{25148E66-F736-48D8-AC1F-B2180F3D7BE3}.Automated_Build|Any CPU.Build.0 = Release|Any CPU
		{25148E66-F736-48D8-AC1F-B2180F3D7BE3}.Automated_Build|x64.ActiveCfg = Release|Any CPU
		{25148E66-F736-48D8-AC1F-B2180F3D7BE3}.Automated_Build|x64.Build.0 = Release|Any CPU
		{25148E66-F736-48D8-AC1F-B2180F3D7BE3}.Automated_Build|x86.ActiveCfg = Release|Any CPU
		{25148E66-F736-48D8-AC1F-B2180F3D7BE3}.Automated_Build|x86.Build.0 = Release|Any CPU
		{25148E66-F736-48D8-AC1F-B2180F3D7BE3}.Debug|Any CPU.ActiveCfg = Debug|Any CPU
		{25148E66-F736-48D8-AC1F-B2180F3D7BE3}.Debug|Any CPU.Build.0 = Debug|Any CPU
		{25148E66-F736-48D8-AC1F-B2180F3D7BE3}.Debug|x64.ActiveCfg = Debug|Any CPU
		{25148E66-F736-48D8-AC1F-B2180F3D7BE3}.Debug|x64.Build.0 = Debug|Any CPU
		{25148E66-F736-48D8-AC1F-B2180F3D7BE3}.Debug|x86.ActiveCfg = Debug|Any CPU
		{25148E66-F736-48D8-AC1F-B2180F3D7BE3}.Debug|x86.Build.0 = Debug|Any CPU
		{25148E66-F736-48D8-AC1F-B2180F3D7BE3}.NoThermo|Any CPU.ActiveCfg = Release|Any CPU
		{25148E66-F736-48D8-AC1F-B2180F3D7BE3}.NoThermo|Any CPU.Build.0 = Release|Any CPU
		{25148E66-F736-48D8-AC1F-B2180F3D7BE3}.NoThermo|x64.ActiveCfg = Release|Any CPU
		{25148E66-F736-48D8-AC1F-B2180F3D7BE3}.NoThermo|x64.Build.0 = Release|Any CPU
		{25148E66-F736-48D8-AC1F-B2180F3D7BE3}.NoThermo|x86.ActiveCfg = Release|Any CPU
		{25148E66-F736-48D8-AC1F-B2180F3D7BE3}.NoThermo|x86.Build.0 = Release|Any CPU
		{25148E66-F736-48D8-AC1F-B2180F3D7BE3}.Release|Any CPU.ActiveCfg = Release|Any CPU
		{25148E66-F736-48D8-AC1F-B2180F3D7BE3}.Release|Any CPU.Build.0 = Release|Any CPU
		{25148E66-F736-48D8-AC1F-B2180F3D7BE3}.Release|x64.ActiveCfg = Release|Any CPU
		{25148E66-F736-48D8-AC1F-B2180F3D7BE3}.Release|x64.Build.0 = Release|Any CPU
		{25148E66-F736-48D8-AC1F-B2180F3D7BE3}.Release|x86.ActiveCfg = Release|Any CPU
		{25148E66-F736-48D8-AC1F-B2180F3D7BE3}.Release|x86.Build.0 = Release|Any CPU
		{25148E66-F736-48D8-AC1F-B2180F3D7BE3}.Travis|Any CPU.ActiveCfg = Release|Any CPU
		{25148E66-F736-48D8-AC1F-B2180F3D7BE3}.Travis|Any CPU.Build.0 = Release|Any CPU
		{25148E66-F736-48D8-AC1F-B2180F3D7BE3}.Travis|x64.ActiveCfg = Release|Any CPU
		{25148E66-F736-48D8-AC1F-B2180F3D7BE3}.Travis|x64.Build.0 = Release|Any CPU
		{25148E66-F736-48D8-AC1F-B2180F3D7BE3}.Travis|x86.ActiveCfg = Release|Any CPU
		{25148E66-F736-48D8-AC1F-B2180F3D7BE3}.Travis|x86.Build.0 = Release|Any CPU
		{289ECDEC-8496-4B04-B483-F86C972B09BC}.Automated_Build|Any CPU.ActiveCfg = Release|Any CPU
		{289ECDEC-8496-4B04-B483-F86C972B09BC}.Automated_Build|Any CPU.Build.0 = Release|Any CPU
		{289ECDEC-8496-4B04-B483-F86C972B09BC}.Automated_Build|x64.ActiveCfg = Release|Any CPU
		{289ECDEC-8496-4B04-B483-F86C972B09BC}.Automated_Build|x64.Build.0 = Release|Any CPU
		{289ECDEC-8496-4B04-B483-F86C972B09BC}.Automated_Build|x86.ActiveCfg = Release|Any CPU
		{289ECDEC-8496-4B04-B483-F86C972B09BC}.Automated_Build|x86.Build.0 = Release|Any CPU
		{289ECDEC-8496-4B04-B483-F86C972B09BC}.Debug|Any CPU.ActiveCfg = Debug|Any CPU
		{289ECDEC-8496-4B04-B483-F86C972B09BC}.Debug|Any CPU.Build.0 = Debug|Any CPU
		{289ECDEC-8496-4B04-B483-F86C972B09BC}.Debug|x64.ActiveCfg = Debug|Any CPU
		{289ECDEC-8496-4B04-B483-F86C972B09BC}.Debug|x64.Build.0 = Debug|Any CPU
		{289ECDEC-8496-4B04-B483-F86C972B09BC}.Debug|x86.ActiveCfg = Debug|Any CPU
		{289ECDEC-8496-4B04-B483-F86C972B09BC}.Debug|x86.Build.0 = Debug|Any CPU
		{289ECDEC-8496-4B04-B483-F86C972B09BC}.NoThermo|Any CPU.ActiveCfg = Release|Any CPU
		{289ECDEC-8496-4B04-B483-F86C972B09BC}.NoThermo|Any CPU.Build.0 = Release|Any CPU
		{289ECDEC-8496-4B04-B483-F86C972B09BC}.NoThermo|x64.ActiveCfg = Release|Any CPU
		{289ECDEC-8496-4B04-B483-F86C972B09BC}.NoThermo|x64.Build.0 = Release|Any CPU
		{289ECDEC-8496-4B04-B483-F86C972B09BC}.NoThermo|x86.ActiveCfg = Release|Any CPU
		{289ECDEC-8496-4B04-B483-F86C972B09BC}.NoThermo|x86.Build.0 = Release|Any CPU
		{289ECDEC-8496-4B04-B483-F86C972B09BC}.Release|Any CPU.ActiveCfg = Release|Any CPU
		{289ECDEC-8496-4B04-B483-F86C972B09BC}.Release|x64.ActiveCfg = Release|Any CPU
		{289ECDEC-8496-4B04-B483-F86C972B09BC}.Release|x64.Build.0 = Release|Any CPU
		{289ECDEC-8496-4B04-B483-F86C972B09BC}.Release|x86.ActiveCfg = Release|Any CPU
		{289ECDEC-8496-4B04-B483-F86C972B09BC}.Release|x86.Build.0 = Release|Any CPU
		{289ECDEC-8496-4B04-B483-F86C972B09BC}.Travis|Any CPU.ActiveCfg = Release|Any CPU
		{289ECDEC-8496-4B04-B483-F86C972B09BC}.Travis|Any CPU.Build.0 = Release|Any CPU
		{289ECDEC-8496-4B04-B483-F86C972B09BC}.Travis|x64.ActiveCfg = Release|Any CPU
		{289ECDEC-8496-4B04-B483-F86C972B09BC}.Travis|x64.Build.0 = Release|Any CPU
		{289ECDEC-8496-4B04-B483-F86C972B09BC}.Travis|x86.ActiveCfg = Release|Any CPU
		{289ECDEC-8496-4B04-B483-F86C972B09BC}.Travis|x86.Build.0 = Release|Any CPU
		{A8EF4A00-C329-4C33-B20C-F133AA9DE517}.Automated_Build|Any CPU.ActiveCfg = Release|Any CPU
		{A8EF4A00-C329-4C33-B20C-F133AA9DE517}.Automated_Build|Any CPU.Build.0 = Release|Any CPU
		{A8EF4A00-C329-4C33-B20C-F133AA9DE517}.Automated_Build|x64.ActiveCfg = Release|Any CPU
		{A8EF4A00-C329-4C33-B20C-F133AA9DE517}.Automated_Build|x64.Build.0 = Release|Any CPU
		{A8EF4A00-C329-4C33-B20C-F133AA9DE517}.Automated_Build|x86.ActiveCfg = Release|Any CPU
		{A8EF4A00-C329-4C33-B20C-F133AA9DE517}.Automated_Build|x86.Build.0 = Release|Any CPU
		{A8EF4A00-C329-4C33-B20C-F133AA9DE517}.Debug|Any CPU.ActiveCfg = Debug|Any CPU
		{A8EF4A00-C329-4C33-B20C-F133AA9DE517}.Debug|Any CPU.Build.0 = Debug|Any CPU
		{A8EF4A00-C329-4C33-B20C-F133AA9DE517}.Debug|x64.ActiveCfg = Debug|Any CPU
		{A8EF4A00-C329-4C33-B20C-F133AA9DE517}.Debug|x64.Build.0 = Debug|Any CPU
		{A8EF4A00-C329-4C33-B20C-F133AA9DE517}.Debug|x86.ActiveCfg = Debug|Any CPU
		{A8EF4A00-C329-4C33-B20C-F133AA9DE517}.Debug|x86.Build.0 = Debug|Any CPU
		{A8EF4A00-C329-4C33-B20C-F133AA9DE517}.NoThermo|Any CPU.ActiveCfg = Release|Any CPU
		{A8EF4A00-C329-4C33-B20C-F133AA9DE517}.NoThermo|Any CPU.Build.0 = Release|Any CPU
		{A8EF4A00-C329-4C33-B20C-F133AA9DE517}.NoThermo|x64.ActiveCfg = Release|Any CPU
		{A8EF4A00-C329-4C33-B20C-F133AA9DE517}.NoThermo|x64.Build.0 = Release|Any CPU
		{A8EF4A00-C329-4C33-B20C-F133AA9DE517}.NoThermo|x86.ActiveCfg = Release|Any CPU
		{A8EF4A00-C329-4C33-B20C-F133AA9DE517}.NoThermo|x86.Build.0 = Release|Any CPU
		{A8EF4A00-C329-4C33-B20C-F133AA9DE517}.Release|Any CPU.ActiveCfg = Release|Any CPU
		{A8EF4A00-C329-4C33-B20C-F133AA9DE517}.Release|Any CPU.Build.0 = Release|Any CPU
		{A8EF4A00-C329-4C33-B20C-F133AA9DE517}.Release|x64.ActiveCfg = Release|Any CPU
		{A8EF4A00-C329-4C33-B20C-F133AA9DE517}.Release|x64.Build.0 = Release|Any CPU
		{A8EF4A00-C329-4C33-B20C-F133AA9DE517}.Release|x86.ActiveCfg = Release|Any CPU
		{A8EF4A00-C329-4C33-B20C-F133AA9DE517}.Release|x86.Build.0 = Release|Any CPU
		{A8EF4A00-C329-4C33-B20C-F133AA9DE517}.Travis|Any CPU.ActiveCfg = Release|Any CPU
		{A8EF4A00-C329-4C33-B20C-F133AA9DE517}.Travis|Any CPU.Build.0 = Release|Any CPU
		{A8EF4A00-C329-4C33-B20C-F133AA9DE517}.Travis|x64.ActiveCfg = Release|Any CPU
		{A8EF4A00-C329-4C33-B20C-F133AA9DE517}.Travis|x64.Build.0 = Release|Any CPU
		{A8EF4A00-C329-4C33-B20C-F133AA9DE517}.Travis|x86.ActiveCfg = Release|Any CPU
		{A8EF4A00-C329-4C33-B20C-F133AA9DE517}.Travis|x86.Build.0 = Release|Any CPU
		{06AD5939-8437-4F2A-BF3C-2B181D6F0308}.Automated_Build|Any CPU.ActiveCfg = Release|Any CPU
		{06AD5939-8437-4F2A-BF3C-2B181D6F0308}.Automated_Build|Any CPU.Build.0 = Release|Any CPU
		{06AD5939-8437-4F2A-BF3C-2B181D6F0308}.Automated_Build|x64.ActiveCfg = Release|Any CPU
		{06AD5939-8437-4F2A-BF3C-2B181D6F0308}.Automated_Build|x64.Build.0 = Release|Any CPU
		{06AD5939-8437-4F2A-BF3C-2B181D6F0308}.Automated_Build|x86.ActiveCfg = Release|Any CPU
		{06AD5939-8437-4F2A-BF3C-2B181D6F0308}.Automated_Build|x86.Build.0 = Release|Any CPU
		{06AD5939-8437-4F2A-BF3C-2B181D6F0308}.Debug|Any CPU.ActiveCfg = Debug|Any CPU
		{06AD5939-8437-4F2A-BF3C-2B181D6F0308}.Debug|Any CPU.Build.0 = Debug|Any CPU
		{06AD5939-8437-4F2A-BF3C-2B181D6F0308}.Debug|x64.ActiveCfg = Debug|Any CPU
		{06AD5939-8437-4F2A-BF3C-2B181D6F0308}.Debug|x64.Build.0 = Debug|Any CPU
		{06AD5939-8437-4F2A-BF3C-2B181D6F0308}.Debug|x86.ActiveCfg = Debug|Any CPU
		{06AD5939-8437-4F2A-BF3C-2B181D6F0308}.Debug|x86.Build.0 = Debug|Any CPU
		{06AD5939-8437-4F2A-BF3C-2B181D6F0308}.NoThermo|Any CPU.ActiveCfg = Release|Any CPU
		{06AD5939-8437-4F2A-BF3C-2B181D6F0308}.NoThermo|Any CPU.Build.0 = Release|Any CPU
		{06AD5939-8437-4F2A-BF3C-2B181D6F0308}.NoThermo|x64.ActiveCfg = Release|Any CPU
		{06AD5939-8437-4F2A-BF3C-2B181D6F0308}.NoThermo|x64.Build.0 = Release|Any CPU
		{06AD5939-8437-4F2A-BF3C-2B181D6F0308}.NoThermo|x86.ActiveCfg = Release|Any CPU
		{06AD5939-8437-4F2A-BF3C-2B181D6F0308}.NoThermo|x86.Build.0 = Release|Any CPU
		{06AD5939-8437-4F2A-BF3C-2B181D6F0308}.Release|Any CPU.ActiveCfg = Release|Any CPU
		{06AD5939-8437-4F2A-BF3C-2B181D6F0308}.Release|Any CPU.Build.0 = Release|Any CPU
		{06AD5939-8437-4F2A-BF3C-2B181D6F0308}.Release|x64.ActiveCfg = Release|Any CPU
		{06AD5939-8437-4F2A-BF3C-2B181D6F0308}.Release|x64.Build.0 = Release|Any CPU
		{06AD5939-8437-4F2A-BF3C-2B181D6F0308}.Release|x86.ActiveCfg = Release|Any CPU
		{06AD5939-8437-4F2A-BF3C-2B181D6F0308}.Release|x86.Build.0 = Release|Any CPU
		{06AD5939-8437-4F2A-BF3C-2B181D6F0308}.Travis|Any CPU.ActiveCfg = Release|Any CPU
		{06AD5939-8437-4F2A-BF3C-2B181D6F0308}.Travis|Any CPU.Build.0 = Release|Any CPU
		{06AD5939-8437-4F2A-BF3C-2B181D6F0308}.Travis|x64.ActiveCfg = Release|Any CPU
		{06AD5939-8437-4F2A-BF3C-2B181D6F0308}.Travis|x64.Build.0 = Release|Any CPU
		{06AD5939-8437-4F2A-BF3C-2B181D6F0308}.Travis|x86.ActiveCfg = Release|Any CPU
		{06AD5939-8437-4F2A-BF3C-2B181D6F0308}.Travis|x86.Build.0 = Release|Any CPU
	EndGlobalSection
	GlobalSection(SolutionProperties) = preSolution
		HideSolutionNode = FALSE
	EndGlobalSection
EndGlobal
